
Microsoft Visual Studio Solution File, Format Version 12.00
# Visual Studio Version 16
VisualStudioVersion = 16.0.30413.136
MinimumVisualStudioVersion = 10.0.40219.1
Project("{FAE04EC0-301F-11D3-BF4B-00C04F79EFBC}") = "MyFirstSPDVIApplicationConsoleUI", "MyFirstSPDVIApplicationConsoleUI\MyFirstSPDVIApplicationConsoleUI.csproj", "{2AF1775A-FE64-407F-BC16-2E2BB6B6BC32}"
EndProject
Project("{FAE04EC0-301F-11D3-BF4B-00C04F79EFBC}") = "MyFristSPDVIProject_WinformUI", "MyFristSPDVIProject_WinformUI\MyFristSPDVIProject_WinformUI.csproj", "{A447BE31-8E79-420A-889F-32A1249A2EB5}"
EndProject
Global
	GlobalSection(SolutionConfigurationPlatforms) = preSolution
		Debug|Any CPU = Debug|Any CPU
		Release|Any CPU = Release|Any CPU
	EndGlobalSection
	GlobalSection(ProjectConfigurationPlatforms) = postSolution
		{2AF1775A-FE64-407F-BC16-2E2BB6B6BC32}.Debug|Any CPU.ActiveCfg = Debug|Any CPU
		{2AF1775A-FE64-407F-BC16-2E2BB6B6BC32}.Debug|Any CPU.Build.0 = Debug|Any CPU
		{2AF1775A-FE64-407F-BC16-2E2BB6B6BC32}.Release|Any CPU.ActiveCfg = Release|Any CPU
		{2AF1775A-FE64-407F-BC16-2E2BB6B6BC32}.Release|Any CPU.Build.0 = Release|Any CPU
		{A447BE31-8E79-420A-889F-32A1249A2EB5}.Debug|Any CPU.ActiveCfg = Debug|Any CPU
		{A447BE31-8E79-420A-889F-32A1249A2EB5}.Debug|Any CPU.Build.0 = Debug|Any CPU
		{A447BE31-8E79-420A-889F-32A1249A2EB5}.Release|Any CPU.ActiveCfg = Release|Any CPU
		{A447BE31-8E79-420A-889F-32A1249A2EB5}.Release|Any CPU.Build.0 = Release|Any CPU
	EndGlobalSection
	GlobalSection(SolutionProperties) = preSolution
		HideSolutionNode = FALSE
	EndGlobalSection
	GlobalSection(ExtensibilityGlobals) = postSolution
		SolutionGuid = {F3F2EC21-81F9-4EDC-A001-06248CE55704}
	EndGlobalSection
EndGlobal
